{
  "name": "@codex/api",
  "version": "0.1.0",
  "lockfileVersion": 3,
  "requires": true,
  "packages": {
    "": {
      "name": "@codex/api",
      "version": "0.1.0",
      "dependencies": {
        "dotenv": "^16.4.5",
        "zod": "^3.23.8"
      },
      "devDependencies": {
        "tsx": "^4.16.0"
      },
      "engines": {
        "node": ">=18"
      }
    }
  }
}
